// !$*UTF8*$!
{
	archiveVersion = 1;
	classes = {
	};
	objectVersion = 46;
	objects = {

/* Begin PBXBuildFile section */
		D50ADFDC195AC920000DABCF /* Foundation.framework in Frameworks */ = {isa = PBXBuildFile; fileRef = D50ADFDB195AC920000DABCF /* Foundation.framework */; };
		D50ADFDE195AC920000DABCF /* CoreGraphics.framework in Frameworks */ = {isa = PBXBuildFile; fileRef = D50ADFDD195AC920000DABCF /* CoreGraphics.framework */; };
		D50ADFE0195AC920000DABCF /* UIKit.framework in Frameworks */ = {isa = PBXBuildFile; fileRef = D50ADFDF195AC920000DABCF /* UIKit.framework */; };
		D50ADFE6195AC920000DABCF /* InfoPlist.strings in Resources */ = {isa = PBXBuildFile; fileRef = D50ADFE4195AC920000DABCF /* InfoPlist.strings */; };
		D50ADFE8195AC920000DABCF /* main.m in Sources */ = {isa = PBXBuildFile; fileRef = D50ADFE7195AC920000DABCF /* main.m */; };
		D50ADFEC195AC920000DABCF /* MPAppDelegate.m in Sources */ = {isa = PBXBuildFile; fileRef = D50ADFEB195AC920000DABCF /* MPAppDelegate.m */; };
		D50ADFEF195AC920000DABCF /* Main.storyboard in Resources */ = {isa = PBXBuildFile; fileRef = D50ADFED195AC920000DABCF /* Main.storyboard */; };
		D50ADFF2195AC920000DABCF /* MPViewController.m in Sources */ = {isa = PBXBuildFile; fileRef = D50ADFF1195AC920000DABCF /* MPViewController.m */; };
		D50ADFF4195AC920000DABCF /* Images.xcassets in Resources */ = {isa = PBXBuildFile; fileRef = D50ADFF3195AC920000DABCF /* Images.xcassets */; };
		D50ADFFB195AC920000DABCF /* XCTest.framework in Frameworks */ = {isa = PBXBuildFile; fileRef = D50ADFFA195AC920000DABCF /* XCTest.framework */; };
		D50ADFFC195AC920000DABCF /* Foundation.framework in Frameworks */ = {isa = PBXBuildFile; fileRef = D50ADFDB195AC920000DABCF /* Foundation.framework */; };
		D50ADFFD195AC920000DABCF /* UIKit.framework in Frameworks */ = {isa = PBXBuildFile; fileRef = D50ADFDF195AC920000DABCF /* UIKit.framework */; };
		D50AE005195AC920000DABCF /* InfoPlist.strings in Resources */ = {isa = PBXBuildFile; fileRef = D50AE003195AC920000DABCF /* InfoPlist.strings */; };
		D50AE007195AC920000DABCF /* MyPracticeTests.m in Sources */ = {isa = PBXBuildFile; fileRef = D50AE006195AC920000DABCF /* MyPracticeTests.m */; };
/* End PBXBuildFile section */

/* Begin PBXContainerItemProxy section */
		D50ADFFE195AC920000DABCF /* PBXContainerItemProxy */ = {
			isa = PBXContainerItemProxy;
			containerPortal = D50ADFD0195AC920000DABCF /* Project object */;
			proxyType = 1;
			remoteGlobalIDString = D50ADFD7195AC920000DABCF;
			remoteInfo = MyPractice;
		};
/* End PBXContainerItemProxy section */

/* Begin PBXFileReference section */
		D50ADFD8195AC920000DABCF /* MyPractice.app */ = {isa = PBXFileReference; explicitFileType = wrapper.application; includeInIndex = 0; path = MyPractice.app; sourceTree = BUILT_PRODUCTS_DIR; };
		D50ADFDB195AC920000DABCF /* Foundation.framework */ = {isa = PBXFileReference; lastKnownFileType = wrapper.framework; name = Foundation.framework; path = System/Library/Frameworks/Foundation.framework; sourceTree = SDKROOT; };
		D50ADFDD195AC920000DABCF /* CoreGraphics.framework */ = {isa = PBXFileReference; lastKnownFileType = wrapper.framework; name = CoreGraphics.framework; path = System/Library/Frameworks/CoreGraphics.framework; sourceTree = SDKROOT; };
		D50ADFDF195AC920000DABCF /* UIKit.framework */ = {isa = PBXFileReference; lastKnownFileType = wrapper.framework; name = UIKit.framework; path = System/Library/Frameworks/UIKit.framework; sourceTree = SDKROOT; };
		D50ADFE3195AC920000DABCF /* MyPractice-Info.plist */ = {isa = PBXFileReference; lastKnownFileType = text.plist.xml; path = "MyPractice-Info.plist"; sourceTree = "<group>"; };
		D50ADFE5195AC920000DABCF /* en */ = {isa = PBXFileReference; lastKnownFileType = text.plist.strings; name = en; path = en.lproj/InfoPlist.strings; sourceTree = "<group>"; };
		D50ADFE7195AC920000DABCF /* main.m */ = {isa = PBXFileReference; lastKnownFileType = sourcecode.c.objc; path = main.m; sourceTree = "<group>"; };
		D50ADFE9195AC920000DABCF /* MyPractice-Prefix.pch */ = {isa = PBXFileReference; lastKnownFileType = sourcecode.c.h; path = "MyPractice-Prefix.pch"; sourceTree = "<group>"; };
		D50ADFEA195AC920000DABCF /* MPAppDelegate.h */ = {isa = PBXFileReference; lastKnownFileType = sourcecode.c.h; path = MPAppDelegate.h; sourceTree = "<group>"; };
		D50ADFEB195AC920000DABCF /* MPAppDelegate.m */ = {isa = PBXFileReference; lastKnownFileType = sourcecode.c.objc; path = MPAppDelegate.m; sourceTree = "<group>"; };
		D50ADFEE195AC920000DABCF /* Base */ = {isa = PBXFileReference; lastKnownFileType = file.storyboard; name = Base; path = Base.lproj/Main.storyboard; sourceTree = "<group>"; };
		D50ADFF0195AC920000DABCF /* MPViewController.h */ = {isa = PBXFileReference; lastKnownFileType = sourcecode.c.h; path = MPViewController.h; sourceTree = "<group>"; };
		D50ADFF1195AC920000DABCF /* MPViewController.m */ = {isa = PBXFileReference; lastKnownFileType = sourcecode.c.objc; path = MPViewController.m; sourceTree = "<group>"; };
		D50ADFF3195AC920000DABCF /* Images.xcassets */ = {isa = PBXFileReference; lastKnownFileType = folder.assetcatalog; path = Images.xcassets; sourceTree = "<group>"; };
		D50ADFF9195AC920000DABCF /* MyPracticeTests.xctest */ = {isa = PBXFileReference; explicitFileType = wrapper.cfbundle; includeInIndex = 0; path = MyPracticeTests.xctest; sourceTree = BUILT_PRODUCTS_DIR; };
		D50ADFFA195AC920000DABCF /* XCTest.framework */ = {isa = PBXFileReference; lastKnownFileType = wrapper.framework; name = XCTest.framework; path = Library/Frameworks/XCTest.framework; sourceTree = DEVELOPER_DIR; };
		D50AE002195AC920000DABCF /* MyPracticeTests-Info.plist */ = {isa = PBXFileReference; lastKnownFileType = text.plist.xml; path = "MyPracticeTests-Info.plist"; sourceTree = "<group>"; };
		D50AE004195AC920000DABCF /* en */ = {isa = PBXFileReference; lastKnownFileType = text.plist.strings; name = en; path = en.lproj/InfoPlist.strings; sourceTree = "<group>"; };
		D50AE006195AC920000DABCF /* MyPracticeTests.m */ = {isa = PBXFileReference; lastKnownFileType = sourcecode.c.objc; path = MyPracticeTests.m; sourceTree = "<group>"; };
/* End PBXFileReference section */

/* Begin PBXFrameworksBuildPhase section */
		D50ADFD5195AC920000DABCF /* Frameworks */ = {
			isa = PBXFrameworksBuildPhase;
			buildActionMask = 2147483647;
			files = (
				D50ADFDE195AC920000DABCF /* CoreGraphics.framework in Frameworks */,
				D50ADFE0195AC920000DABCF /* UIKit.framework in Frameworks */,
				D50ADFDC195AC920000DABCF /* Foundation.framework in Frameworks */,
			);
			runOnlyForDeploymentPostprocessing = 0;
		};
		D50ADFF6195AC920000DABCF /* Frameworks */ = {
			isa = PBXFrameworksBuildPhase;
			buildActionMask = 2147483647;
			files = (
				D50ADFFB195AC920000DABCF /* XCTest.framework in Frameworks */,
				D50ADFFD195AC920000DABCF /* UIKit.framework in Frameworks */,
				D50ADFFC195AC920000DABCF /* Foundation.framework in Frameworks */,
			);
			runOnlyForDeploymentPostprocessing = 0;
		};
/* End PBXFrameworksBuildPhase section */

/* Begin PBXGroup section */
		D50ADFCF195AC920000DABCF = {
			isa = PBXGroup;
			children = (
				D50ADFE1195AC920000DABCF /* MyPractice */,
				D50AE000195AC920000DABCF /* MyPracticeTests */,
				D50ADFDA195AC920000DABCF /* Frameworks */,
				D50ADFD9195AC920000DABCF /* Products */,
			);
			sourceTree = "<group>";
		};
		D50ADFD9195AC920000DABCF /* Products */ = {
			isa = PBXGroup;
			children = (
				D50ADFD8195AC920000DABCF /* MyPractice.app */,
				D50ADFF9195AC920000DABCF /* MyPracticeTests.xctest */,
			);
			name = Products;
			sourceTree = "<group>";
		};
		D50ADFDA195AC920000DABCF /* Frameworks */ = {
			isa = PBXGroup;
			children = (
				D50ADFDB195AC920000DABCF /* Foundation.framework */,
				D50ADFDD195AC920000DABCF /* CoreGraphics.framework */,
				D50ADFDF195AC920000DABCF /* UIKit.framework */,
				D50ADFFA195AC920000DABCF /* XCTest.framework */,
			);
			name = Frameworks;
			sourceTree = "<group>";
		};
		D50ADFE1195AC920000DABCF /* MyPractice */ = {
			isa = PBXGroup;
			children = (
				D50ADFEA195AC920000DABCF /* MPAppDelegate.h */,
				D50ADFEB195AC920000DABCF /* MPAppDelegate.m */,
				D50ADFED195AC920000DABCF /* Main.storyboard */,
				D50ADFF0195AC920000DABCF /* MPViewController.h */,
				D50ADFF1195AC920000DABCF /* MPViewController.m */,
				D50ADFF3195AC920000DABCF /* Images.xcassets */,
				D50ADFE2195AC920000DABCF /* Supporting Files */,
			);
			path = MyPractice;
			sourceTree = "<group>";
		};
		D50ADFE2195AC920000DABCF /* Supporting Files */ = {
			isa = PBXGroup;
			children = (
				D50ADFE3195AC920000DABCF /* MyPractice-Info.plist */,
				D50ADFE4195AC920000DABCF /* InfoPlist.strings */,
				D50ADFE7195AC920000DABCF /* main.m */,
				D50ADFE9195AC920000DABCF /* MyPractice-Prefix.pch */,
			);
			name = "Supporting Files";
			sourceTree = "<group>";
		};
		D50AE000195AC920000DABCF /* MyPracticeTests */ = {
			isa = PBXGroup;
			children = (
				D50AE006195AC920000DABCF /* MyPracticeTests.m */,
				D50AE001195AC920000DABCF /* Supporting Files */,
			);
			path = MyPracticeTests;
			sourceTree = "<group>";
		};
		D50AE001195AC920000DABCF /* Supporting Files */ = {
			isa = PBXGroup;
			children = (
				D50AE002195AC920000DABCF /* MyPracticeTests-Info.plist */,
				D50AE003195AC920000DABCF /* InfoPlist.strings */,
			);
			name = "Supporting Files";
			sourceTree = "<group>";
		};
/* End PBXGroup section */

/* Begin PBXNativeTarget section */
		D50ADFD7195AC920000DABCF /* MyPractice */ = {
			isa = PBXNativeTarget;
			buildConfigurationList = D50AE00A195AC920000DABCF /* Build configuration list for PBXNativeTarget "MyPractice" */;
			buildPhases = (
				D50ADFD4195AC920000DABCF /* Sources */,
				D50ADFD5195AC920000DABCF /* Frameworks */,
				D50ADFD6195AC920000DABCF /* Resources */,
			);
			buildRules = (
			);
			dependencies = (
			);
			name = MyPractice;
			productName = MyPractice;
			productReference = D50ADFD8195AC920000DABCF /* MyPractice.app */;
			productType = "com.apple.product-type.application";
		};
		D50ADFF8195AC920000DABCF /* MyPracticeTests */ = {
			isa = PBXNativeTarget;
			buildConfigurationList = D50AE00D195AC920000DABCF /* Build configuration list for PBXNativeTarget "MyPracticeTests" */;
			buildPhases = (
				D50ADFF5195AC920000DABCF /* Sources */,
				D50ADFF6195AC920000DABCF /* Frameworks */,
				D50ADFF7195AC920000DABCF /* Resources */,
			);
			buildRules = (
			);
			dependencies = (
				D50ADFFF195AC920000DABCF /* PBXTargetDependency */,
			);
			name = MyPracticeTests;
			productName = MyPracticeTests;
			productReference = D50ADFF9195AC920000DABCF /* MyPracticeTests.xctest */;
			productType = "com.apple.product-type.bundle.unit-test";
		};
/* End PBXNativeTarget section */

/* Begin PBXProject section */
		D50ADFD0195AC920000DABCF /* Project object */ = {
			isa = PBXProject;
			attributes = {
				CLASSPREFIX = MP;
				LastUpgradeCheck = 0510;
				ORGANIZATIONNAME = hachijirou;
				TargetAttributes = {
					D50ADFF8195AC920000DABCF = {
						TestTargetID = D50ADFD7195AC920000DABCF;
					};
				};
			};
			buildConfigurationList = D50ADFD3195AC920000DABCF /* Build configuration list for PBXProject "MyPractice" */;
			compatibilityVersion = "Xcode 3.2";
			developmentRegion = English;
			hasScannedForEncodings = 0;
			knownRegions = (
				en,
				Base,
			);
			mainGroup = D50ADFCF195AC920000DABCF;
			productRefGroup = D50ADFD9195AC920000DABCF /* Products */;
			projectDirPath = "";
			projectRoot = "";
			targets = (
				D50ADFD7195AC920000DABCF /* MyPractice */,
				D50ADFF8195AC920000DABCF /* MyPracticeTests */,
			);
		};
/* End PBXProject section */

/* Begin PBXResourcesBuildPhase section */
		D50ADFD6195AC920000DABCF /* Resources */ = {
			isa = PBXResourcesBuildPhase;
			buildActionMask = 2147483647;
			files = (
				D50ADFF4195AC920000DABCF /* Images.xcassets in Resources */,
				D50ADFE6195AC920000DABCF /* InfoPlist.strings in Resources */,
				D50ADFEF195AC920000DABCF /* Main.storyboard in Resources */,
			);
			runOnlyForDeploymentPostprocessing = 0;
		};
		D50ADFF7195AC920000DABCF /* Resources */ = {
			isa = PBXResourcesBuildPhase;
			buildActionMask = 2147483647;
			files = (
				D50AE005195AC920000DABCF /* InfoPlist.strings in Resources */,
			);
			runOnlyForDeploymentPostprocessing = 0;
		};
/* End PBXResourcesBuildPhase section */

/* Begin PBXSourcesBuildPhase section */
		D50ADFD4195AC920000DABCF /* Sources */ = {
			isa = PBXSourcesBuildPhase;
			buildActionMask = 2147483647;
			files = (
				D50ADFE8195AC920000DABCF /* main.m in Sources */,
				D50ADFF2195AC920000DABCF /* MPViewController.m in Sources */,
				D50ADFEC195AC920000DABCF /* MPAppDelegate.m in Sources */,
			);
			runOnlyForDeploymentPostprocessing = 0;
		};
		D50ADFF5195AC920000DABCF /* Sources */ = {
			isa = PBXSourcesBuildPhase;
			buildActionMask = 2147483647;
			files = (
				D50AE007195AC920000DABCF /* MyPracticeTests.m in Sources */,
			);
			runOnlyForDeploymentPostprocessing = 0;
		};
/* End PBXSourcesBuildPhase section */

/* Begin PBXTargetDependency section */
		D50ADFFF195AC920000DABCF /* PBXTargetDependency */ = {
			isa = PBXTargetDependency;
			target = D50ADFD7195AC920000DABCF /* MyPractice */;
			targetProxy = D50ADFFE195AC920000DABCF /* PBXContainerItemProxy */;
		};
/* End PBXTargetDependency section */

/* Begin PBXVariantGroup section */
		D50ADFE4195AC920000DABCF /* InfoPlist.strings */ = {
			isa = PBXVariantGroup;
			children = (
				D50ADFE5195AC920000DABCF /* en */,
			);
			name = InfoPlist.strings;
			sourceTree = "<group>";
		};
		D50ADFED195AC920000DABCF /* Main.storyboard */ = {
			isa = PBXVariantGroup;
			children = (
				D50ADFEE195AC920000DABCF /* Base */,
			);
			name = Main.storyboard;
			sourceTree = "<group>";
		};
		D50AE003195AC920000DABCF /* InfoPlist.strings */ = {
			isa = PBXVariantGroup;
			children = (
				D50AE004195AC920000DABCF /* en */,
			);
			name = InfoPlist.strings;
			sourceTree = "<group>";
		};
/* End PBXVariantGroup section */

/* Begin XCBuildConfiguration section */
		D50AE008195AC920000DABCF /* Debug */ = {
			isa = XCBuildConfiguration;
			buildSettings = {
				ALWAYS_SEARCH_USER_PATHS = NO;
				CLANG_CXX_LANGUAGE_STANDARD = "gnu++0x";
				CLANG_CXX_LIBRARY = "libc++";
				CLANG_ENABLE_MODULES = YES;
				CLANG_ENABLE_OBJC_ARC = YES;
				CLANG_WARN_BOOL_CONVERSION = YES;
				CLANG_WARN_CONSTANT_CONVERSION = YES;
				CLANG_WARN_DIRECT_OBJC_ISA_USAGE = YES_ERROR;
				CLANG_WARN_EMPTY_BODY = YES;
				CLANG_WARN_ENUM_CONVERSION = YES;
				CLANG_WARN_INT_CONVERSION = YES;
				CLANG_WARN_OBJC_ROOT_CLASS = YES_ERROR;
				CLANG_WARN__DUPLICATE_METHOD_MATCH = YES;
				"CODE_SIGN_IDENTITY[sdk=iphoneos*]" = "iPhone Developer";
				COPY_PHASE_STRIP = NO;
				GCC_C_LANGUAGE_STANDARD = gnu99;
				GCC_DYNAMIC_NO_PIC = NO;
				GCC_OPTIMIZATION_LEVEL = 0;
				GCC_PREPROCESSOR_DEFINITIONS = (
					"DEBUG=1",
					"$(inherited)",
				);
				GCC_SYMBOLS_PRIVATE_EXTERN = NO;
				GCC_WARN_64_TO_32_BIT_CONVERSION = YES;
				GCC_WARN_ABOUT_RETURN_TYPE = YES_ERROR;
				GCC_WARN_UNDECLARED_SELECTOR = YES;
				GCC_WARN_UNINITIALIZED_AUTOS = YES_AGGRESSIVE;
				GCC_WARN_UNUSED_FUNCTION = YES;
				GCC_WARN_UNUSED_VARIABLE = YES;
				IPHONEOS_DEPLOYMENT_TARGET = 7.1;
				ONLY_ACTIVE_ARCH = YES;
				SDKROOT = iphoneos;
			};
			name = Debug;
		};
		D50AE009195AC920000DABCF /* Release */ = {
			isa = XCBuildConfiguration;
			buildSettings = {
				ALWAYS_SEARCH_USER_PATHS = NO;
				CLANG_CXX_LANGUAGE_STANDARD = "gnu++0x";
				CLANG_CXX_LIBRARY = "libc++";
				CLANG_ENABLE_MODULES = YES;
				CLANG_ENABLE_OBJC_ARC = YES;
				CLANG_WARN_BOOL_CONVERSION = YES;
				CLANG_WARN_CONSTANT_CONVERSION = YES;
				CLANG_WARN_DIRECT_OBJC_ISA_USAGE = YES_ERROR;
				CLANG_WARN_EMPTY_BODY = YES;
				CLANG_WARN_ENUM_CONVERSION = YES;
				CLANG_WARN_INT_CONVERSION = YES;
				CLANG_WARN_OBJC_ROOT_CLASS = YES_ERROR;
				CLANG_WARN__DUPLICATE_METHOD_MATCH = YES;
				"CODE_SIGN_IDENTITY[sdk=iphoneos*]" = "iPhone Developer";
				COPY_PHASE_STRIP = YES;
				ENABLE_NS_ASSERTIONS = NO;
				GCC_C_LANGUAGE_STANDARD = gnu99;
				GCC_WARN_64_TO_32_BIT_CONVERSION = YES;
				GCC_WARN_ABOUT_RETURN_TYPE = YES_ERROR;
				GCC_WARN_UNDECLARED_SELECTOR = YES;
				GCC_WARN_UNINITIALIZED_AUTOS = YES_AGGRESSIVE;
				GCC_WARN_UNUSED_FUNCTION = YES;
				GCC_WARN_UNUSED_VARIABLE = YES;
				IPHONEOS_DEPLOYMENT_TARGET = 7.1;
				SDKROOT = iphoneos;
				VALIDATE_PRODUCT = YES;
			};
			name = Release;
		};
		D50AE00B195AC920000DABCF /* Debug */ = {
			isa = XCBuildConfiguration;
			buildSettings = {
				ASSETCATALOG_COMPILER_APPICON_NAME = AppIcon;
				ASSETCATALOG_COMPILER_LAUNCHIMAGE_NAME = LaunchImage;
				GCC_PRECOMPILE_PREFIX_HEADER = YES;
				GCC_PREFIX_HEADER = "MyPractice/MyPractice-Prefix.pch";
				INFOPLIST_FILE = "MyPractice/MyPractice-Info.plist";
				PRODUCT_NAME = "$(TARGET_NAME)";
				WRAPPER_EXTENSION = app;
			};
			name = Debug;
		};
		D50AE00C195AC920000DABCF /* Release */ = {
			isa = XCBuildConfiguration;
			buildSettings = {
				ASSETCATALOG_COMPILER_APPICON_NAME = AppIcon;
				ASSETCATALOG_COMPILER_LAUNCHIMAGE_NAME = LaunchImage;
				GCC_PRECOMPILE_PREFIX_HEADER = YES;
				GCC_PREFIX_HEADER = "MyPractice/MyPractice-Prefix.pch";
				INFOPLIST_FILE = "MyPractice/MyPractice-Info.plist";
				PRODUCT_NAME = "$(TARGET_NAME)";
				WRAPPER_EXTENSION = app;
			};
			name = Release;
		};
		D50AE00E195AC920000DABCF /* Debug */ = {
			isa = XCBuildConfiguration;
			buildSettings = {
				BUNDLE_LOADER = "$(BUILT_PRODUCTS_DIR)/MyPractice.app/MyPractice";
				FRAMEWORK_SEARCH_PATHS = (
					"$(SDKROOT)/Developer/Library/Frameworks",
					"$(inherited)",
					"$(DEVELOPER_FRAMEWORKS_DIR)",
				);
				GCC_PRECOMPILE_PREFIX_HEADER = YES;
				GCC_PREFIX_HEADER = "MyPractice/MyPractice-Prefix.pch";
				GCC_PREPROCESSOR_DEFINITIONS = (
					"DEBUG=1",
					"$(inherited)",
				);
				INFOPLIST_FILE = "MyPracticeTests/MyPracticeTests-Info.plist";
				PRODUCT_NAME = "$(TARGET_NAME)";
				TEST_HOST = "$(BUNDLE_LOADER)";
				WRAPPER_EXTENSION = xctest;
			};
			name = Debug;
		};
		D50AE00F195AC920000DABCF /* Release */ = {
			isa = XCBuildConfiguration;
			buildSettings = {
				BUNDLE_LOADER = "$(BUILT_PRODUCTS_DIR)/MyPractice.app/MyPractice";
				FRAMEWORK_SEARCH_PATHS = (
					"$(SDKROOT)/Developer/Library/Frameworks",
					"$(inherited)",
					"$(DEVELOPER_FRAMEWORKS_DIR)",
				);
				GCC_PRECOMPILE_PREFIX_HEADER = YES;
				GCC_PREFIX_HEADER = "MyPractice/MyPractice-Prefix.pch";
				INFOPLIST_FILE = "MyPracticeTests/MyPracticeTests-Info.plist";
				PRODUCT_NAME = "$(TARGET_NAME)";
				TEST_HOST = "$(BUNDLE_LOADER)";
				WRAPPER_EXTENSION = xctest;
			};
			name = Release;
		};
/* End XCBuildConfiguration section */

/* Begin XCConfigurationList section */
		D50ADFD3195AC920000DABCF /* Build configuration list for PBXProject "MyPractice" */ = {
			isa = XCConfigurationList;
			buildConfigurations = (
				D50AE008195AC920000DABCF /* Debug */,
				D50AE009195AC920000DABCF /* Release */,
			);
			defaultConfigurationIsVisible = 0;
			defaultConfigurationName = Release;
		};
		D50AE00A195AC920000DABCF /* Build configuration list for PBXNativeTarget "MyPractice" */ = {
			isa = XCConfigurationList;
			buildConfigurations = (
				D50AE00B195AC920000DABCF /* Debug */,
				D50AE00C195AC920000DABCF /* Release */,
			);
			defaultConfigurationIsVisible = 0;
		};
		D50AE00D195AC920000DABCF /* Build configuration list for PBXNativeTarget "MyPracticeTests" */ = {
			isa = XCConfigurationList;
			buildConfigurations = (
				D50AE00E195AC920000DABCF /* Debug */,
				D50AE00F195AC920000DABCF /* Release */,
			);
			defaultConfigurationIsVisible = 0;
		};
/* End XCConfigurationList section */
	};
	rootObject = D50ADFD0195AC920000DABCF /* Project object */;
}
